{
  "projects": [
    {
      "projectId": "rTLPzkgk3cpV4NRAVqpS2D",
      "version": "0.0.4",
      "dependencies": {},
      "lang": "ts",
      "fileLocks": [
        {
          "assetId": "rTLPzkgk3cpV4NRAVqpS2D",
          "type": "projectCss",
          "checksum": "1c02168c6b23256606111fdfdbb63549"
        },
        {
          "assetId": "rTLPzkgk3cpV4NRAVqpS2D",
          "checksum": "7365705c0560d446514d38709b7cd7c5",
          "type": "globalContexts"
        }
      ],
      "codegenVersion": "0.0.1"
    },
    {
      "projectId": "gzny5sU7cPH2nhvEqzdB2m",
      "version": "0.0.3",
      "dependencies": {},
      "lang": "ts",
      "fileLocks": [
        {
          "assetId": "gzny5sU7cPH2nhvEqzdB2m",
          "type": "projectCss",
          "checksum": "1c02168c6b23256606111fdfdbb63549"
        }
      ],
      "codegenVersion": "0.0.1"
    },
    {
      "projectId": "2Pi4qcW8q34x5MEMyq2T6D",
      "version": "0.1.2",
      "dependencies": {},
      "lang": "ts",
      "fileLocks": [
        {
          "assetId": "2Pi4qcW8q34x5MEMyq2T6D",
          "type": "projectCss",
          "checksum": "1c02168c6b23256606111fdfdbb63549"
        },
        {
          "assetId": "2Pi4qcW8q34x5MEMyq2T6D",
          "checksum": "1b69a7f2b215c2d38336f1e748504c5c",
          "type": "globalContexts"
        }
      ],
      "codegenVersion": "0.0.1"
    },
    {
      "projectId": "66MC2d9B7YecVEphuUMtqF",
      "version": "1.1.0",
      "dependencies": {},
      "lang": "ts",
      "fileLocks": [
        {
          "assetId": "66MC2d9B7YecVEphuUMtqF",
          "type": "projectCss",
          "checksum": "77c6cae8f6fefe6e329eb4393973c8c6"
        },
        {
          "assetId": "66MC2d9B7YecVEphuUMtqF",
          "checksum": "cb442dc94ffe3c8679bfdc3c9f67ec9e",
          "type": "globalContexts"
        }
      ],
      "codegenVersion": "0.0.1"
    },
    {
      "projectId": "qLP7ErC94TEE4dz5dv2X5Z",
      "version": "latest",
      "dependencies": {
        "66MC2d9B7YecVEphuUMtqF": "1.1.0",
        "2Pi4qcW8q34x5MEMyq2T6D": "0.1.2",
        "gzny5sU7cPH2nhvEqzdB2m": "0.0.3",
        "rTLPzkgk3cpV4NRAVqpS2D": "0.0.4"
      },
      "lang": "ts",
      "fileLocks": [
        {
          "type": "globalVariant",
          "assetId": "p6MrClqyiXeZ",
          "checksum": "437838cd9cca88748e400068514a0cfb"
        },
        {
          "assetId": "qLP7ErC94TEE4dz5dv2X5Z",
          "type": "projectCss",
          "checksum": "bdb55053f8340b19d15ca7b0330c092c"
        },
        {
          "assetId": "qLP7ErC94TEE4dz5dv2X5Z",
          "checksum": "c222d2e3d3134d236b679f4e27f26fea",
          "type": "globalContexts"
        },
        {
          "type": "renderModule",
          "assetId": "0kNdMb3gq-kD",
          "checksum": "85150c1ee83f781d46f4cf14e8179087"
        },
        {
          "type": "cssRules",
          "assetId": "0kNdMb3gq-kD",
          "checksum": "85150c1ee83f781d46f4cf14e8179087"
        },
        {
          "type": "renderModule",
          "assetId": "-cOCZnE_z14s",
          "checksum": "cf30ad709354ba98e85349d5fa6c6a53"
        },
        {
          "type": "cssRules",
          "assetId": "-cOCZnE_z14s",
          "checksum": "cf30ad709354ba98e85349d5fa6c6a53"
        },
        {
          "type": "renderModule",
          "assetId": "LC1x2-tk1Z4e",
          "checksum": "28da0617722a61b89123b53544000e70"
        },
        {
          "type": "cssRules",
          "assetId": "LC1x2-tk1Z4e",
          "checksum": "28da0617722a61b89123b53544000e70"
        },
        {
          "type": "renderModule",
          "assetId": "10EiSPWhbhx8",
          "checksum": "b74fcce0e05a0d38d8f866c8108f165a"
        },
        {
          "type": "cssRules",
          "assetId": "10EiSPWhbhx8",
          "checksum": "b74fcce0e05a0d38d8f866c8108f165a"
        },
        {
          "type": "renderModule",
          "assetId": "qnEniRyJ9Hk6",
          "checksum": "7b569a1b4896e7c12fb736d59cdc2acc"
        },
        {
          "type": "cssRules",
          "assetId": "qnEniRyJ9Hk6",
          "checksum": "7b569a1b4896e7c12fb736d59cdc2acc"
        },
        {
          "type": "renderModule",
          "assetId": "A4FVXf6p_GnE",
          "checksum": "d58e3bba068d1c491071714290272438"
        },
        {
          "type": "cssRules",
          "assetId": "A4FVXf6p_GnE",
          "checksum": "d58e3bba068d1c491071714290272438"
        },
        {
          "type": "renderModule",
          "assetId": "L2Ev7pjSobJ5",
          "checksum": "5be682422941f0da87606394f747cc46"
        },
        {
          "type": "cssRules",
          "assetId": "L2Ev7pjSobJ5",
          "checksum": "5be682422941f0da87606394f747cc46"
        },
        {
          "type": "renderModule",
          "assetId": "x7REG0yfIPJS",
          "checksum": "67477e215bb14c2856cf76b7f5bb126e"
        },
        {
          "type": "cssRules",
          "assetId": "x7REG0yfIPJS",
          "checksum": "67477e215bb14c2856cf76b7f5bb126e"
        },
        {
          "type": "icon",
          "assetId": "RcouV00YucxY",
          "checksum": "b1908c26669e4b639dbe4209336242b1"
        },
        {
          "type": "icon",
          "assetId": "rmZ8cXclu7PH",
          "checksum": "426a2b320515d89fcb607a271c3f6a2d"
        },
        {
          "type": "icon",
          "assetId": "yWdZrj1QMrVC",
          "checksum": "15186b3ab9b2f9db357f9cd4846d759b"
        },
        {
          "type": "icon",
          "assetId": "hW657gznt5OJ",
          "checksum": "36d505fe4c02f03ec54e0956d72a51c6"
        },
        {
          "type": "icon",
          "assetId": "SUMk3fjYqmva",
          "checksum": "a222ea0a3d33bbc98923213cdd014c19"
        },
        {
          "type": "icon",
          "assetId": "yH_g6miGGzWx",
          "checksum": "6f4fa8f3129b38e47f1a492914385a58"
        },
        {
          "type": "icon",
          "assetId": "CiBuQTKeCrct",
          "checksum": "9e4a8e22aac20aee4dd049be506663c1"
        },
        {
          "type": "icon",
          "assetId": "kt2lZi3XfMqX",
          "checksum": "72d3210321e4d671f76958482599d5d5"
        },
        {
          "type": "icon",
          "assetId": "R_OfpU3U_JHD",
          "checksum": "96a2e34678d3d5edb7f658d9fb5be497"
        },
        {
          "type": "icon",
          "assetId": "e-FUXMgTwSzQ",
          "checksum": "0c53e792e53b327ee7e3226cee388007"
        }
      ],
      "codegenVersion": "0.0.1"
    }
  ],
  "cliVersion": "0.0.22"
}
